{
  "projects": [
    {
      "projectId": "h8pdmdKq58xaRhHHLoUNc6",
      "version": "latest",
      "dependencies": {},
      "lang": "ts",
      "fileLocks": [
        {
          "type": "globalVariant",
          "assetId": "3h0xbs2Xj8l",
          "checksum": "95d5e35447ee2f2d19895112330c343f"
        },
        {
          "type": "renderModule",
          "assetId": "t8AO7b27yJ",
          "checksum": "084d9383b6af4a08b8bcf899c8a6cca8"
        },
        {
          "type": "cssRules",
          "assetId": "t8AO7b27yJ",
          "checksum": "084d9383b6af4a08b8bcf899c8a6cca8"
        },
        {
          "type": "renderModule",
          "assetId": "qvj9LAuDos",
          "checksum": "b6c9b162edc1dcdd837110674c70bd00"
        },
        {
          "type": "cssRules",
          "assetId": "qvj9LAuDos",
          "checksum": "b6c9b162edc1dcdd837110674c70bd00"
        },
        {
          "type": "renderModule",
          "assetId": "NXlQXFGC2vW",
          "checksum": "2f8846ee66606d31efcd487db4bfc35b"
        },
        {
          "type": "cssRules",
          "assetId": "NXlQXFGC2vW",
          "checksum": "2f8846ee66606d31efcd487db4bfc35b"
        },
        {
          "type": "renderModule",
          "assetId": "exGK7pxvP83",
          "checksum": "4396fc81b5e23665b149581473421afa"
        },
        {
          "type": "cssRules",
          "assetId": "exGK7pxvP83",
          "checksum": "4396fc81b5e23665b149581473421afa"
        },
        {
          "type": "icon",
          "assetId": "LvHcsk4gs9D",
          "checksum": "62a11930080dab9a0e68e06c5718f940"
        },
        {
          "type": "icon",
          "assetId": "HvUfUv_Shlg",
          "checksum": "9092605cb9608b310b232e99d591f8b0"
        },
        {
          "type": "icon",
          "assetId": "cMpVZ3mGR8",
          "checksum": "24e997467f6a0edc131f33f59c75211c"
        },
        {
          "type": "icon",
          "assetId": "_Z7KNj0GT4",
          "checksum": "e97dbc5b4784851bcc3679d8baba3fbb"
        },
        {
          "type": "renderModule",
          "assetId": "pNbDNQdpNH",
          "checksum": "3b8db3995e412df5695ef26b1adabaee"
        },
        {
          "type": "cssRules",
          "assetId": "pNbDNQdpNH",
          "checksum": "3b8db3995e412df5695ef26b1adabaee"
        },
        {
          "type": "renderModule",
          "assetId": "bPAJdAquPC7",
          "checksum": "f354783c9cadc829a16d213d37f3314b"
        },
        {
          "type": "cssRules",
          "assetId": "bPAJdAquPC7",
          "checksum": "f354783c9cadc829a16d213d37f3314b"
        },
        {
          "assetId": "h8pdmdKq58xaRhHHLoUNc6",
          "type": "projectCss",
          "checksum": "6f5aec2fdc8fc766c3d06a136723e049"
        }
      ]
    }
  ],
  "cliVersion": "0.1.166"
}
